
Microsoft Visual Studio Solution File, Format Version 12.00
# Visual Studio Version 17
VisualStudioVersion = 17.9.34701.34
MinimumVisualStudioVersion = 10.0.40219.1
Project("{9A19103F-16F7-4668-BE54-9A1E7A4F7556}") = "JECS", "JECS\JECS.csproj", "{A8677185-7E1A-419C-BFAF-0DFEB3481BFD}"
EndProject
Project("{9A19103F-16F7-4668-BE54-9A1E7A4F7556}") = "JECS.Tests", "JECS.Tests\JECS.Tests.csproj", "{3EAF36D0-8566-4416-B7AF-69754422EEDD}"
EndProject
Project("{FAE04EC0-301F-11D3-BF4B-00C04F79EFBC}") = "ConsoleApp2", "ConsoleApp2\ConsoleApp2.csproj", "{8F99AC82-8ED7-45A7-864B-5C47E3C6E55B}"
EndProject
Global
	GlobalSection(SolutionConfigurationPlatforms) = preSolution
		Debug|Any CPU = Debug|Any CPU
		Release|Any CPU = Release|Any CPU
	EndGlobalSection
	GlobalSection(ProjectConfigurationPlatforms) = postSolution
		{A8677185-7E1A-419C-BFAF-0DFEB3481BFD}.Debug|Any CPU.ActiveCfg = Debug|Any CPU
		{A8677185-7E1A-419C-BFAF-0DFEB3481BFD}.Debug|Any CPU.Build.0 = Debug|Any CPU
		{A8677185-7E1A-419C-BFAF-0DFEB3481BFD}.Release|Any CPU.ActiveCfg = Release|Any CPU
		{A8677185-7E1A-419C-BFAF-0DFEB3481BFD}.Release|Any CPU.Build.0 = Release|Any CPU
		{3EAF36D0-8566-4416-B7AF-69754422EEDD}.Debug|Any CPU.ActiveCfg = Debug|Any CPU
		{3EAF36D0-8566-4416-B7AF-69754422EEDD}.Debug|Any CPU.Build.0 = Debug|Any CPU
		{3EAF36D0-8566-4416-B7AF-69754422EEDD}.Release|Any CPU.ActiveCfg = Release|Any CPU
		{3EAF36D0-8566-4416-B7AF-69754422EEDD}.Release|Any CPU.Build.0 = Release|Any CPU
		{8F99AC82-8ED7-45A7-864B-5C47E3C6E55B}.Debug|Any CPU.ActiveCfg = Debug|Any CPU
		{8F99AC82-8ED7-45A7-864B-5C47E3C6E55B}.Debug|Any CPU.Build.0 = Debug|Any CPU
		{8F99AC82-8ED7-45A7-864B-5C47E3C6E55B}.Release|Any CPU.ActiveCfg = Release|Any CPU
		{8F99AC82-8ED7-45A7-864B-5C47E3C6E55B}.Release|Any CPU.Build.0 = Release|Any CPU
	EndGlobalSection
	GlobalSection(SolutionProperties) = preSolution
		HideSolutionNode = FALSE
	EndGlobalSection
	GlobalSection(ExtensibilityGlobals) = postSolution
		SolutionGuid = {4627327A-41D7-4434-84FF-727ADCE59BFD}
	EndGlobalSection
EndGlobal
