
Microsoft Visual Studio Solution File, Format Version 12.00
# Visual Studio 15
VisualStudioVersion = 15.0.28010.2026
MinimumVisualStudioVersion = 10.0.40219.1
Project("{9A19103F-16F7-4668-BE54-9A1E7A4F7556}") = "SUCC", "SUCC\SUCC.csproj", "{A8677185-7E1A-419C-BFAF-0DFEB3481BFD}"
EndProject
Global
	GlobalSection(SolutionConfigurationPlatforms) = preSolution
		Debug|Any CPU = Debug|Any CPU
		Release|Any CPU = Release|Any CPU
	EndGlobalSection
	GlobalSection(ProjectConfigurationPlatforms) = postSolution
		{A8677185-7E1A-419C-BFAF-0DFEB3481BFD}.Debug|Any CPU.ActiveCfg = Debug|Any CPU
		{A8677185-7E1A-419C-BFAF-0DFEB3481BFD}.Debug|Any CPU.Build.0 = Debug|Any CPU
		{A8677185-7E1A-419C-BFAF-0DFEB3481BFD}.Release|Any CPU.ActiveCfg = Release|Any CPU
		{A8677185-7E1A-419C-BFAF-0DFEB3481BFD}.Release|Any CPU.Build.0 = Release|Any CPU
	EndGlobalSection
	GlobalSection(SolutionProperties) = preSolution
		HideSolutionNode = FALSE
	EndGlobalSection
	GlobalSection(ExtensibilityGlobals) = postSolution
		SolutionGuid = {4627327A-41D7-4434-84FF-727ADCE59BFD}
	EndGlobalSection
EndGlobal
